
Microsoft Visual Studio Solution File, Format Version 12.00
Project("{FAE04EC0-301F-11D3-BF4B-00C04F79EFBC}") = "Tinkoff.InvestApi", "Tinkoff.InvestApi\Tinkoff.InvestApi.csproj", "{6F805910-C487-4107-9657-E800AA0A4C6C}"
EndProject
Project("{FAE04EC0-301F-11D3-BF4B-00C04F79EFBC}") = "Tinkoff.InvestApi.Sample", "Tinkoff.InvestApi.Sample\Tinkoff.InvestApi.Sample.csproj", "{ACA9FA3F-D810-4C94-B9BE-9996F5C6CD40}"
EndProject
Project("{FAE04EC0-301F-11D3-BF4B-00C04F79EFBC}") = "Tinkoff.InvestApi.Tests", "Tinkoff.InvestApi.Tests\Tinkoff.InvestApi.Tests.csproj", "{F1CA7E8C-7DE4-480D-8A90-973FF18CE8A9}"
EndProject
Project("{2150E333-8FDC-42A3-9474-1A3956D46DE8}") = "docs", "docs", "{1C4A955D-3017-433F-A083-0364BFE1B921}"
	ProjectSection(SolutionItems) = preProject
		README.md = README.md
	EndProjectSection
EndProject
Global
	GlobalSection(SolutionConfigurationPlatforms) = preSolution
		Debug|Any CPU = Debug|Any CPU
		Release|Any CPU = Release|Any CPU
	EndGlobalSection
	GlobalSection(ProjectConfigurationPlatforms) = postSolution
		{6F805910-C487-4107-9657-E800AA0A4C6C}.Debug|Any CPU.ActiveCfg = Debug|Any CPU
		{6F805910-C487-4107-9657-E800AA0A4C6C}.Debug|Any CPU.Build.0 = Debug|Any CPU
		{6F805910-C487-4107-9657-E800AA0A4C6C}.Release|Any CPU.ActiveCfg = Release|Any CPU
		{6F805910-C487-4107-9657-E800AA0A4C6C}.Release|Any CPU.Build.0 = Release|Any CPU
		{ACA9FA3F-D810-4C94-B9BE-9996F5C6CD40}.Debug|Any CPU.ActiveCfg = Debug|Any CPU
		{ACA9FA3F-D810-4C94-B9BE-9996F5C6CD40}.Debug|Any CPU.Build.0 = Debug|Any CPU
		{ACA9FA3F-D810-4C94-B9BE-9996F5C6CD40}.Release|Any CPU.ActiveCfg = Release|Any CPU
		{ACA9FA3F-D810-4C94-B9BE-9996F5C6CD40}.Release|Any CPU.Build.0 = Release|Any CPU
		{F1CA7E8C-7DE4-480D-8A90-973FF18CE8A9}.Debug|Any CPU.ActiveCfg = Debug|Any CPU
		{F1CA7E8C-7DE4-480D-8A90-973FF18CE8A9}.Debug|Any CPU.Build.0 = Debug|Any CPU
		{F1CA7E8C-7DE4-480D-8A90-973FF18CE8A9}.Release|Any CPU.ActiveCfg = Release|Any CPU
		{F1CA7E8C-7DE4-480D-8A90-973FF18CE8A9}.Release|Any CPU.Build.0 = Release|Any CPU
	EndGlobalSection
EndGlobal
